
Microsoft Visual Studio Solution File, Format Version 11.00
# Visual Studio 2010
Project("{FAE04EC0-301F-11D3-BF4B-00C04F79EFBC}") = "ExpressionActivities", "ExpressionActivities\ExpressionActivities.csproj", "{8B5558C3-5504-4B98-B331-2D8C1ADF920D}"
EndProject
Global
	GlobalSection(SolutionConfigurationPlatforms) = preSolution
		Debug|Any CPU = Debug|Any CPU
		Release|Any CPU = Release|Any CPU
	EndGlobalSection
	GlobalSection(ProjectConfigurationPlatforms) = postSolution
		{8B5558C3-5504-4B98-B331-2D8C1ADF920D}.Debug|Any CPU.ActiveCfg = Debug|Any CPU
		{8B5558C3-5504-4B98-B331-2D8C1ADF920D}.Debug|Any CPU.Build.0 = Debug|Any CPU
		{8B5558C3-5504-4B98-B331-2D8C1ADF920D}.Release|Any CPU.ActiveCfg = Release|Any CPU
		{8B5558C3-5504-4B98-B331-2D8C1ADF920D}.Release|Any CPU.Build.0 = Release|Any CPU
	EndGlobalSection
	GlobalSection(SolutionProperties) = preSolution
		HideSolutionNode = FALSE
	EndGlobalSection
EndGlobal
